
Microsoft Visual Studio Solution File, Format Version 12.00
# Visual Studio Version 17
VisualStudioVersion = 17.9.34728.123
MinimumVisualStudioVersion = 10.0.40219.1
Project("{FAE04EC0-301F-11D3-BF4B-00C04F79EFBC}") = "ConsoleWordCounter_csharp", "ConsoleWordCounter_csharp\ConsoleWordCounter_csharp.csproj", "{BB7AB085-8C9E-4153-8A1F-6875A3583027}"
EndProject
Global
	GlobalSection(SolutionConfigurationPlatforms) = preSolution
		Debug|Any CPU = Debug|Any CPU
		Release|Any CPU = Release|Any CPU
	EndGlobalSection
	GlobalSection(ProjectConfigurationPlatforms) = postSolution
		{BB7AB085-8C9E-4153-8A1F-6875A3583027}.Debug|Any CPU.ActiveCfg = Debug|Any CPU
		{BB7AB085-8C9E-4153-8A1F-6875A3583027}.Debug|Any CPU.Build.0 = Debug|Any CPU
		{BB7AB085-8C9E-4153-8A1F-6875A3583027}.Release|Any CPU.ActiveCfg = Release|Any CPU
		{BB7AB085-8C9E-4153-8A1F-6875A3583027}.Release|Any CPU.Build.0 = Release|Any CPU
	EndGlobalSection
	GlobalSection(SolutionProperties) = preSolution
		HideSolutionNode = FALSE
	EndGlobalSection
	GlobalSection(ExtensibilityGlobals) = postSolution
		SolutionGuid = {F480A9E3-F156-4D92-A8D2-080E2946D794}
	EndGlobalSection
EndGlobal
